
Microsoft Visual Studio Solution File, Format Version 12.00
# Visual Studio Version 17
VisualStudioVersion = 17.13.35617.110
MinimumVisualStudioVersion = 10.0.40219.1
Project("{FAE04EC0-301F-11D3-BF4B-00C04F79EFBC}") = "ConsoleApp1", "ConsoleApp1\ConsoleApp1.csproj", "{B193B949-2258-4D1E-B7D5-D98F2A94B8F7}"
EndProject
Project("{FAE04EC0-301F-11D3-BF4B-00C04F79EFBC}") = "ForWhileLoops", "ForWhileLoops\ForWhileLoops.csproj", "{0B58C7A8-19BC-47CD-9D9E-6787DEEC492B}"
EndProject
Project("{FAE04EC0-301F-11D3-BF4B-00C04F79EFBC}") = "ClassStructures", "ClassStructures\ClassStructures.csproj", "{40D55725-D4F7-4AF3-BBFB-1424843F2F36}"
EndProject
Project("{FAE04EC0-301F-11D3-BF4B-00C04F79EFBC}") = "ClassPractices", "ClassPractices\ClassPractices.csproj", "{A02B6B37-DC31-4DFB-B004-3AB998A9F605}"
EndProject
Project("{FAE04EC0-301F-11D3-BF4B-00C04F79EFBC}") = "Ders2", "Ders2\Ders2.csproj", "{BFAF6BF0-3EA3-40AA-B55C-93E080355BCA}"
EndProject
Project("{FAE04EC0-301F-11D3-BF4B-00C04F79EFBC}") = "Matematik", "Matematik\Matematik.csproj", "{6C335851-2195-43BB-88B9-FB3E226BB07D}"
EndProject
Project("{FAE04EC0-301F-11D3-BF4B-00C04F79EFBC}") = "DegerVeReferanslar", "DegerVeReferanslar\DegerVeReferanslar.csproj", "{851D088F-B4D1-41BD-8CEC-91F238B94FF3}"
EndProject
Project("{FAE04EC0-301F-11D3-BF4B-00C04F79EFBC}") = "OOP1", "OOP1\OOP1.csproj", "{81E90BDB-1CAE-4AAD-8269-DD2355D96B4C}"
EndProject
Project("{FAE04EC0-301F-11D3-BF4B-00C04F79EFBC}") = "Collections", "Collections\Collections.csproj", "{24851A60-677F-4135-BD77-5612BF129A73}"
EndProject
Project("{FAE04EC0-301F-11D3-BF4B-00C04F79EFBC}") = "GenericsIntro", "GenericsIntro\GenericsIntro.csproj", "{B91AE6B3-93CD-4847-B424-B9F27523306E}"
EndProject
Global
	GlobalSection(SolutionConfigurationPlatforms) = preSolution
		Debug|Any CPU = Debug|Any CPU
		Release|Any CPU = Release|Any CPU
	EndGlobalSection
	GlobalSection(ProjectConfigurationPlatforms) = postSolution
		{B193B949-2258-4D1E-B7D5-D98F2A94B8F7}.Debug|Any CPU.ActiveCfg = Debug|Any CPU
		{B193B949-2258-4D1E-B7D5-D98F2A94B8F7}.Debug|Any CPU.Build.0 = Debug|Any CPU
		{B193B949-2258-4D1E-B7D5-D98F2A94B8F7}.Release|Any CPU.ActiveCfg = Release|Any CPU
		{B193B949-2258-4D1E-B7D5-D98F2A94B8F7}.Release|Any CPU.Build.0 = Release|Any CPU
		{0B58C7A8-19BC-47CD-9D9E-6787DEEC492B}.Debug|Any CPU.ActiveCfg = Debug|Any CPU
		{0B58C7A8-19BC-47CD-9D9E-6787DEEC492B}.Debug|Any CPU.Build.0 = Debug|Any CPU
		{0B58C7A8-19BC-47CD-9D9E-6787DEEC492B}.Release|Any CPU.ActiveCfg = Release|Any CPU
		{0B58C7A8-19BC-47CD-9D9E-6787DEEC492B}.Release|Any CPU.Build.0 = Release|Any CPU
		{40D55725-D4F7-4AF3-BBFB-1424843F2F36}.Debug|Any CPU.ActiveCfg = Debug|Any CPU
		{40D55725-D4F7-4AF3-BBFB-1424843F2F36}.Debug|Any CPU.Build.0 = Debug|Any CPU
		{40D55725-D4F7-4AF3-BBFB-1424843F2F36}.Release|Any CPU.ActiveCfg = Release|Any CPU
		{40D55725-D4F7-4AF3-BBFB-1424843F2F36}.Release|Any CPU.Build.0 = Release|Any CPU
		{A02B6B37-DC31-4DFB-B004-3AB998A9F605}.Debug|Any CPU.ActiveCfg = Debug|Any CPU
		{A02B6B37-DC31-4DFB-B004-3AB998A9F605}.Debug|Any CPU.Build.0 = Debug|Any CPU
		{A02B6B37-DC31-4DFB-B004-3AB998A9F605}.Release|Any CPU.ActiveCfg = Release|Any CPU
		{A02B6B37-DC31-4DFB-B004-3AB998A9F605}.Release|Any CPU.Build.0 = Release|Any CPU
		{BFAF6BF0-3EA3-40AA-B55C-93E080355BCA}.Debug|Any CPU.ActiveCfg = Debug|Any CPU
		{BFAF6BF0-3EA3-40AA-B55C-93E080355BCA}.Debug|Any CPU.Build.0 = Debug|Any CPU
		{BFAF6BF0-3EA3-40AA-B55C-93E080355BCA}.Release|Any CPU.ActiveCfg = Release|Any CPU
		{BFAF6BF0-3EA3-40AA-B55C-93E080355BCA}.Release|Any CPU.Build.0 = Release|Any CPU
		{6C335851-2195-43BB-88B9-FB3E226BB07D}.Debug|Any CPU.ActiveCfg = Debug|Any CPU
		{6C335851-2195-43BB-88B9-FB3E226BB07D}.Debug|Any CPU.Build.0 = Debug|Any CPU
		{6C335851-2195-43BB-88B9-FB3E226BB07D}.Release|Any CPU.ActiveCfg = Release|Any CPU
		{6C335851-2195-43BB-88B9-FB3E226BB07D}.Release|Any CPU.Build.0 = Release|Any CPU
		{851D088F-B4D1-41BD-8CEC-91F238B94FF3}.Debug|Any CPU.ActiveCfg = Debug|Any CPU
		{851D088F-B4D1-41BD-8CEC-91F238B94FF3}.Debug|Any CPU.Build.0 = Debug|Any CPU
		{851D088F-B4D1-41BD-8CEC-91F238B94FF3}.Release|Any CPU.ActiveCfg = Release|Any CPU
		{851D088F-B4D1-41BD-8CEC-91F238B94FF3}.Release|Any CPU.Build.0 = Release|Any CPU
		{81E90BDB-1CAE-4AAD-8269-DD2355D96B4C}.Debug|Any CPU.ActiveCfg = Debug|Any CPU
		{81E90BDB-1CAE-4AAD-8269-DD2355D96B4C}.Debug|Any CPU.Build.0 = Debug|Any CPU
		{81E90BDB-1CAE-4AAD-8269-DD2355D96B4C}.Release|Any CPU.ActiveCfg = Release|Any CPU
		{81E90BDB-1CAE-4AAD-8269-DD2355D96B4C}.Release|Any CPU.Build.0 = Release|Any CPU
		{24851A60-677F-4135-BD77-5612BF129A73}.Debug|Any CPU.ActiveCfg = Debug|Any CPU
		{24851A60-677F-4135-BD77-5612BF129A73}.Debug|Any CPU.Build.0 = Debug|Any CPU
		{24851A60-677F-4135-BD77-5612BF129A73}.Release|Any CPU.ActiveCfg = Release|Any CPU
		{24851A60-677F-4135-BD77-5612BF129A73}.Release|Any CPU.Build.0 = Release|Any CPU
		{B91AE6B3-93CD-4847-B424-B9F27523306E}.Debug|Any CPU.ActiveCfg = Debug|Any CPU
		{B91AE6B3-93CD-4847-B424-B9F27523306E}.Debug|Any CPU.Build.0 = Debug|Any CPU
		{B91AE6B3-93CD-4847-B424-B9F27523306E}.Release|Any CPU.ActiveCfg = Release|Any CPU
		{B91AE6B3-93CD-4847-B424-B9F27523306E}.Release|Any CPU.Build.0 = Release|Any CPU
	EndGlobalSection
	GlobalSection(SolutionProperties) = preSolution
		HideSolutionNode = FALSE
	EndGlobalSection
	GlobalSection(ExtensibilityGlobals) = postSolution
		SolutionGuid = {A62C08D2-62DF-41FF-9764-DE5C72CAD5BD}
	EndGlobalSection
EndGlobal
